// !$*UTF8*$!
{
	archiveVersion = 1;
	classes = {
	};
	objectVersion = 55;
	objects = {

/* Begin PBXBuildFile section */
		7BB38B542815ED4900E1EBF9 /* TeslaTabView.swift in Sources */ = {isa = PBXBuildFile; fileRef = 7BB38B532815ED4900E1EBF9 /* TeslaTabView.swift */; };
		7BB38B582815F1E800E1EBF9 /* TeslaTab1View.swift in Sources */ = {isa = PBXBuildFile; fileRef = 7BB38B572815F1E800E1EBF9 /* TeslaTab1View.swift */; };
		7BB38B5A2815F1FC00E1EBF9 /* TeslaTab2View.swift in Sources */ = {isa = PBXBuildFile; fileRef = 7BB38B592815F1FC00E1EBF9 /* TeslaTab2View.swift */; };
		7BB38B5C2815F20B00E1EBF9 /* TeslaTab3View.swift in Sources */ = {isa = PBXBuildFile; fileRef = 7BB38B5B2815F20B00E1EBF9 /* TeslaTab3View.swift */; };
		7BECD4C1280B1876005F9A4D /* TeslaAppApp.swift in Sources */ = {isa = PBXBuildFile; fileRef = 7BECD4C0280B1876005F9A4D /* TeslaAppApp.swift */; };
		7BECD4C3280B1876005F9A4D /* ContentView.swift in Sources */ = {isa = PBXBuildFile; fileRef = 7BECD4C2280B1876005F9A4D /* ContentView.swift */; };
		7BECD4C5280B1879005F9A4D /* Assets.xcassets in Resources */ = {isa = PBXBuildFile; fileRef = 7BECD4C4280B1879005F9A4D /* Assets.xcassets */; };
		7BECD4C8280B1879005F9A4D /* Preview Assets.xcassets in Resources */ = {isa = PBXBuildFile; fileRef = 7BECD4C7280B1879005F9A4D /* Preview Assets.xcassets */; };
		7BECD4D4280B1920005F9A4D /* ModelTesla.swift in Sources */ = {isa = PBXBuildFile; fileRef = 7BECD4D3280B1920005F9A4D /* ModelTesla.swift */; };
		7BECD4DD280B2FDD005F9A4D /* TeslaLaunchApp.swift in Sources */ = {isa = PBXBuildFile; fileRef = 7BECD4DC280B2FDD005F9A4D /* TeslaLaunchApp.swift */; };
/* End PBXBuildFile section */

/* Begin PBXFileReference section */
		7BB38B532815ED4900E1EBF9 /* TeslaTabView.swift */ = {isa = PBXFileReference; lastKnownFileType = sourcecode.swift; path = TeslaTabView.swift; sourceTree = "<group>"; };
		7BB38B572815F1E800E1EBF9 /* TeslaTab1View.swift */ = {isa = PBXFileReference; lastKnownFileType = sourcecode.swift; path = TeslaTab1View.swift; sourceTree = "<group>"; };
		7BB38B592815F1FC00E1EBF9 /* TeslaTab2View.swift */ = {isa = PBXFileReference; lastKnownFileType = sourcecode.swift; path = TeslaTab2View.swift; sourceTree = "<group>"; };
		7BB38B5B2815F20B00E1EBF9 /* TeslaTab3View.swift */ = {isa = PBXFileReference; lastKnownFileType = sourcecode.swift; path = TeslaTab3View.swift; sourceTree = "<group>"; };
		7BECD4BD280B1876005F9A4D /* TeslaApp.app */ = {isa = PBXFileReference; explicitFileType = wrapper.application; includeInIndex = 0; path = TeslaApp.app; sourceTree = BUILT_PRODUCTS_DIR; };
		7BECD4C0280B1876005F9A4D /* TeslaAppApp.swift */ = {isa = PBXFileReference; lastKnownFileType = sourcecode.swift; path = TeslaAppApp.swift; sourceTree = "<group>"; };
		7BECD4C2280B1876005F9A4D /* ContentView.swift */ = {isa = PBXFileReference; lastKnownFileType = sourcecode.swift; path = ContentView.swift; sourceTree = "<group>"; };
		7BECD4C4280B1879005F9A4D /* Assets.xcassets */ = {isa = PBXFileReference; lastKnownFileType = folder.assetcatalog; path = Assets.xcassets; sourceTree = "<group>"; };
		7BECD4C7280B1879005F9A4D /* Preview Assets.xcassets */ = {isa = PBXFileReference; lastKnownFileType = folder.assetcatalog; path = "Preview Assets.xcassets"; sourceTree = "<group>"; };
		7BECD4D3280B1920005F9A4D /* ModelTesla.swift */ = {isa = PBXFileReference; lastKnownFileType = sourcecode.swift; path = ModelTesla.swift; sourceTree = "<group>"; };
		7BECD4DC280B2FDD005F9A4D /* TeslaLaunchApp.swift */ = {isa = PBXFileReference; lastKnownFileType = sourcecode.swift; path = TeslaLaunchApp.swift; sourceTree = "<group>"; };
		7BECD4DE280BA819005F9A4D /* Info.plist */ = {isa = PBXFileReference; lastKnownFileType = text.plist; path = Info.plist; sourceTree = "<group>"; };
/* End PBXFileReference section */

/* Begin PBXFrameworksBuildPhase section */
		7BECD4BA280B1876005F9A4D /* Frameworks */ = {
			isa = PBXFrameworksBuildPhase;
			buildActionMask = 2147483647;
			files = (
			);
			runOnlyForDeploymentPostprocessing = 0;
		};
/* End PBXFrameworksBuildPhase section */

/* Begin PBXGroup section */
		7BECD4B4280B1876005F9A4D = {
			isa = PBXGroup;
			children = (
				7BECD4BF280B1876005F9A4D /* TeslaApp */,
				7BECD4BE280B1876005F9A4D /* Products */,
			);
			sourceTree = "<group>";
		};
		7BECD4BE280B1876005F9A4D /* Products */ = {
			isa = PBXGroup;
			children = (
				7BECD4BD280B1876005F9A4D /* TeslaApp.app */,
			);
			name = Products;
			sourceTree = "<group>";
		};
		7BECD4BF280B1876005F9A4D /* TeslaApp */ = {
			isa = PBXGroup;
			children = (
				7BECD4DE280BA819005F9A4D /* Info.plist */,
				7BECD4C0280B1876005F9A4D /* TeslaAppApp.swift */,
				7BECD4C2280B1876005F9A4D /* ContentView.swift */,
				7BECD4CE280B18C5005F9A4D /* Model */,
				7BECD4D6280B19B8005F9A4D /* ViewModel */,
				7BECD4D7280B19E0005F9A4D /* View */,
				7BECD4C4280B1879005F9A4D /* Assets.xcassets */,
				7BECD4C6280B1879005F9A4D /* Preview Content */,
			);
			path = TeslaApp;
			sourceTree = "<group>";
		};
		7BECD4C6280B1879005F9A4D /* Preview Content */ = {
			isa = PBXGroup;
			children = (
				7BECD4C7280B1879005F9A4D /* Preview Assets.xcassets */,
			);
			path = "Preview Content";
			sourceTree = "<group>";
		};
		7BECD4CE280B18C5005F9A4D /* Model */ = {
			isa = PBXGroup;
			children = (
				7BECD4D3280B1920005F9A4D /* ModelTesla.swift */,
			);
			path = Model;
			sourceTree = "<group>";
		};
		7BECD4D6280B19B8005F9A4D /* ViewModel */ = {
			isa = PBXGroup;
			children = (
			);
			path = ViewModel;
			sourceTree = "<group>";
		};
		7BECD4D7280B19E0005F9A4D /* View */ = {
			isa = PBXGroup;
			children = (
				7BECD4DC280B2FDD005F9A4D /* TeslaLaunchApp.swift */,
				7BB38B532815ED4900E1EBF9 /* TeslaTabView.swift */,
				7BB38B572815F1E800E1EBF9 /* TeslaTab1View.swift */,
				7BB38B592815F1FC00E1EBF9 /* TeslaTab2View.swift */,
				7BB38B5B2815F20B00E1EBF9 /* TeslaTab3View.swift */,
			);
			path = View;
			sourceTree = "<group>";
		};
/* End PBXGroup section */

/* Begin PBXNativeTarget section */
		7BECD4BC280B1876005F9A4D /* TeslaApp */ = {
			isa = PBXNativeTarget;
			buildConfigurationList = 7BECD4CB280B1879005F9A4D /* Build configuration list for PBXNativeTarget "TeslaApp" */;
			buildPhases = (
				7BECD4B9280B1876005F9A4D /* Sources */,
				7BECD4BA280B1876005F9A4D /* Frameworks */,
				7BECD4BB280B1876005F9A4D /* Resources */,
			);
			buildRules = (
			);
			dependencies = (
			);
			name = TeslaApp;
			productName = TeslaApp;
			productReference = 7BECD4BD280B1876005F9A4D /* TeslaApp.app */;
			productType = "com.apple.product-type.application";
		};
/* End PBXNativeTarget section */

/* Begin PBXProject section */
		7BECD4B5280B1876005F9A4D /* Project object */ = {
			isa = PBXProject;
			attributes = {
				BuildIndependentTargetsInParallel = 1;
				LastSwiftUpdateCheck = 1310;
				LastUpgradeCheck = 1310;
				TargetAttributes = {
					7BECD4BC280B1876005F9A4D = {
						CreatedOnToolsVersion = 13.1;
					};
				};
			};
			buildConfigurationList = 7BECD4B8280B1876005F9A4D /* Build configuration list for PBXProject "TeslaApp" */;
			compatibilityVersion = "Xcode 13.0";
			developmentRegion = en;
			hasScannedForEncodings = 0;
			knownRegions = (
				en,
				Base,
			);
			mainGroup = 7BECD4B4280B1876005F9A4D;
			productRefGroup = 7BECD4BE280B1876005F9A4D /* Products */;
			projectDirPath = "";
			projectRoot = "";
			targets = (
				7BECD4BC280B1876005F9A4D /* TeslaApp */,
			);
		};
/* End PBXProject section */

/* Begin PBXResourcesBuildPhase section */
		7BECD4BB280B1876005F9A4D /* Resources */ = {
			isa = PBXResourcesBuildPhase;
			buildActionMask = 2147483647;
			files = (
				7BECD4C8280B1879005F9A4D /* Preview Assets.xcassets in Resources */,
				7BECD4C5280B1879005F9A4D /* Assets.xcassets in Resources */,
			);
			runOnlyForDeploymentPostprocessing = 0;
		};
/* End PBXResourcesBuildPhase section */

/* Begin PBXSourcesBuildPhase section */
		7BECD4B9280B1876005F9A4D /* Sources */ = {
			isa = PBXSourcesBuildPhase;
			buildActionMask = 2147483647;
			files = (
				7BB38B582815F1E800E1EBF9 /* TeslaTab1View.swift in Sources */,
				7BB38B5A2815F1FC00E1EBF9 /* TeslaTab2View.swift in Sources */,
				7BECD4D4280B1920005F9A4D /* ModelTesla.swift in Sources */,
				7BECD4C3280B1876005F9A4D /* ContentView.swift in Sources */,
				7BB38B5C2815F20B00E1EBF9 /* TeslaTab3View.swift in Sources */,
				7BECD4C1280B1876005F9A4D /* TeslaAppApp.swift in Sources */,
				7BB38B542815ED4900E1EBF9 /* TeslaTabView.swift in Sources */,
				7BECD4DD280B2FDD005F9A4D /* TeslaLaunchApp.swift in Sources */,
			);
			runOnlyForDeploymentPostprocessing = 0;
		};
/* End PBXSourcesBuildPhase section */

/* Begin XCBuildConfiguration section */
		7BECD4C9280B1879005F9A4D /* Debug */ = {
			isa = XCBuildConfiguration;
			buildSettings = {
				ALWAYS_SEARCH_USER_PATHS = NO;
				CLANG_ANALYZER_NONNULL = YES;
				CLANG_ANALYZER_NUMBER_OBJECT_CONVERSION = YES_AGGRESSIVE;
				CLANG_CXX_LANGUAGE_STANDARD = "gnu++17";
				CLANG_CXX_LIBRARY = "libc++";
				CLANG_ENABLE_MODULES = YES;
				CLANG_ENABLE_OBJC_ARC = YES;
				CLANG_ENABLE_OBJC_WEAK = YES;
				CLANG_WARN_BLOCK_CAPTURE_AUTORELEASING = YES;
				CLANG_WARN_BOOL_CONVERSION = YES;
				CLANG_WARN_COMMA = YES;
				CLANG_WARN_CONSTANT_CONVERSION = YES;
				CLANG_WARN_DEPRECATED_OBJC_IMPLEMENTATIONS = YES;
				CLANG_WARN_DIRECT_OBJC_ISA_USAGE = YES_ERROR;
				CLANG_WARN_DOCUMENTATION_COMMENTS = YES;
				CLANG_WARN_EMPTY_BODY = YES;
				CLANG_WARN_ENUM_CONVERSION = YES;
				CLANG_WARN_INFINITE_RECURSION = YES;
				CLANG_WARN_INT_CONVERSION = YES;
				CLANG_WARN_NON_LITERAL_NULL_CONVERSION = YES;
				CLANG_WARN_OBJC_IMPLICIT_RETAIN_SELF = YES;
				CLANG_WARN_OBJC_LITERAL_CONVERSION = YES;
				CLANG_WARN_OBJC_ROOT_CLASS = YES_ERROR;
				CLANG_WARN_QUOTED_INCLUDE_IN_FRAMEWORK_HEADER = YES;
				CLANG_WARN_RANGE_LOOP_ANALYSIS = YES;
				CLANG_WARN_STRICT_PROTOTYPES = YES;
				CLANG_WARN_SUSPICIOUS_MOVE = YES;
				CLANG_WARN_UNGUARDED_AVAILABILITY = YES_AGGRESSIVE;
				CLANG_WARN_UNREACHABLE_CODE = YES;
				CLANG_WARN__DUPLICATE_METHOD_MATCH = YES;
				COPY_PHASE_STRIP = NO;
				DEBUG_INFORMATION_FORMAT = dwarf;
				ENABLE_STRICT_OBJC_MSGSEND = YES;
				ENABLE_TESTABILITY = YES;
				GCC_C_LANGUAGE_STANDARD = gnu11;
				GCC_DYNAMIC_NO_PIC = NO;
				GCC_NO_COMMON_BLOCKS = YES;
				GCC_OPTIMIZATION_LEVEL = 0;
				GCC_PREPROCESSOR_DEFINITIONS = (
					"DEBUG=1",
					"$(inherited)",
				);
				GCC_WARN_64_TO_32_BIT_CONVERSION = YES;
				GCC_WARN_ABOUT_RETURN_TYPE = YES_ERROR;
				GCC_WARN_UNDECLARED_SELECTOR = YES;
				GCC_WARN_UNINITIALIZED_AUTOS = YES_AGGRESSIVE;
				GCC_WARN_UNUSED_FUNCTION = YES;
				GCC_WARN_UNUSED_VARIABLE = YES;
				IPHONEOS_DEPLOYMENT_TARGET = 15.0;
				MTL_ENABLE_DEBUG_INFO = INCLUDE_SOURCE;
				MTL_FAST_MATH = YES;
				ONLY_ACTIVE_ARCH = YES;
				SDKROOT = iphoneos;
				SWIFT_ACTIVE_COMPILATION_CONDITIONS = DEBUG;
				SWIFT_OPTIMIZATION_LEVEL = "-Onone";
			};
			name = Debug;
		};
		7BECD4CA280B1879005F9A4D /* Release */ = {
			isa = XCBuildConfiguration;
			buildSettings = {
				ALWAYS_SEARCH_USER_PATHS = NO;
				CLANG_ANALYZER_NONNULL = YES;
				CLANG_ANALYZER_NUMBER_OBJECT_CONVERSION = YES_AGGRESSIVE;
				CLANG_CXX_LANGUAGE_STANDARD = "gnu++17";
				CLANG_CXX_LIBRARY = "libc++";
				CLANG_ENABLE_MODULES = YES;
				CLANG_ENABLE_OBJC_ARC = YES;
				CLANG_ENABLE_OBJC_WEAK = YES;
				CLANG_WARN_BLOCK_CAPTURE_AUTORELEASING = YES;
				CLANG_WARN_BOOL_CONVERSION = YES;
				CLANG_WARN_COMMA = YES;
				CLANG_WARN_CONSTANT_CONVERSION = YES;
				CLANG_WARN_DEPRECATED_OBJC_IMPLEMENTATIONS = YES;
				CLANG_WARN_DIRECT_OBJC_ISA_USAGE = YES_ERROR;
				CLANG_WARN_DOCUMENTATION_COMMENTS = YES;
				CLANG_WARN_EMPTY_BODY = YES;
				CLANG_WARN_ENUM_CONVERSION = YES;
				CLANG_WARN_INFINITE_RECURSION = YES;
				CLANG_WARN_INT_CONVERSION = YES;
				CLANG_WARN_NON_LITERAL_NULL_CONVERSION = YES;
				CLANG_WARN_OBJC_IMPLICIT_RETAIN_SELF = YES;
				CLANG_WARN_OBJC_LITERAL_CONVERSION = YES;
				CLANG_WARN_OBJC_ROOT_CLASS = YES_ERROR;
				CLANG_WARN_QUOTED_INCLUDE_IN_FRAMEWORK_HEADER = YES;
				CLANG_WARN_RANGE_LOOP_ANALYSIS = YES;
				CLANG_WARN_STRICT_PROTOTYPES = YES;
				CLANG_WARN_SUSPICIOUS_MOVE = YES;
				CLANG_WARN_UNGUARDED_AVAILABILITY = YES_AGGRESSIVE;
				CLANG_WARN_UNREACHABLE_CODE = YES;
				CLANG_WARN__DUPLICATE_METHOD_MATCH = YES;
				COPY_PHASE_STRIP = NO;
				DEBUG_INFORMATION_FORMAT = "dwarf-with-dsym";
				ENABLE_NS_ASSERTIONS = NO;
				ENABLE_STRICT_OBJC_MSGSEND = YES;
				GCC_C_LANGUAGE_STANDARD = gnu11;
				GCC_NO_COMMON_BLOCKS = YES;
				GCC_WARN_64_TO_32_BIT_CONVERSION = YES;
				GCC_WARN_ABOUT_RETURN_TYPE = YES_ERROR;
				GCC_WARN_UNDECLARED_SELECTOR = YES;
				GCC_WARN_UNINITIALIZED_AUTOS = YES_AGGRESSIVE;
				GCC_WARN_UNUSED_FUNCTION = YES;
				GCC_WARN_UNUSED_VARIABLE = YES;
				IPHONEOS_DEPLOYMENT_TARGET = 15.0;
				MTL_ENABLE_DEBUG_INFO = NO;
				MTL_FAST_MATH = YES;
				SDKROOT = iphoneos;
				SWIFT_COMPILATION_MODE = wholemodule;
				SWIFT_OPTIMIZATION_LEVEL = "-O";
				VALIDATE_PRODUCT = YES;
			};
			name = Release;
		};
		7BECD4CC280B1879005F9A4D /* Debug */ = {
			isa = XCBuildConfiguration;
			buildSettings = {
				ASSETCATALOG_COMPILER_APPICON_NAME = AppIcon;
				ASSETCATALOG_COMPILER_GLOBAL_ACCENT_COLOR_NAME = AccentColor;
				CODE_SIGN_STYLE = Automatic;
				CURRENT_PROJECT_VERSION = 1;
				DEVELOPMENT_ASSET_PATHS = "\"TeslaApp/Preview Content\"";
				DEVELOPMENT_TEAM = JVCY6LZ93U;
				ENABLE_PREVIEWS = YES;
				GENERATE_INFOPLIST_FILE = YES;
				INFOPLIST_FILE = TeslaApp/Info.plist;
				INFOPLIST_KEY_UIApplicationSceneManifest_Generation = YES;
				INFOPLIST_KEY_UIApplicationSupportsIndirectInputEvents = YES;
				INFOPLIST_KEY_UISupportedInterfaceOrientations_iPad = "UIInterfaceOrientationPortrait UIInterfaceOrientationPortraitUpsideDown UIInterfaceOrientationLandscapeLeft UIInterfaceOrientationLandscapeRight";
				INFOPLIST_KEY_UISupportedInterfaceOrientations_iPhone = "UIInterfaceOrientationPortrait UIInterfaceOrientationLandscapeLeft UIInterfaceOrientationLandscapeRight";
				LD_RUNPATH_SEARCH_PATHS = (
					"$(inherited)",
					"@executable_path/Frameworks",
				);
				MARKETING_VERSION = 1.0;
				PRODUCT_BUNDLE_IDENTIFIER = Majkel.TeslaApp;
				PRODUCT_NAME = "$(TARGET_NAME)";
				SWIFT_EMIT_LOC_STRINGS = YES;
				SWIFT_VERSION = 5.0;
				TARGETED_DEVICE_FAMILY = "1,2";
			};
			name = Debug;
		};
		7BECD4CD280B1879005F9A4D /* Release */ = {
			isa = XCBuildConfiguration;
			buildSettings = {
				ASSETCATALOG_COMPILER_APPICON_NAME = AppIcon;
				ASSETCATALOG_COMPILER_GLOBAL_ACCENT_COLOR_NAME = AccentColor;
				CODE_SIGN_STYLE = Automatic;
				CURRENT_PROJECT_VERSION = 1;
				DEVELOPMENT_ASSET_PATHS = "\"TeslaApp/Preview Content\"";
				DEVELOPMENT_TEAM = JVCY6LZ93U;
				ENABLE_PREVIEWS = YES;
				GENERATE_INFOPLIST_FILE = YES;
				INFOPLIST_FILE = TeslaApp/Info.plist;
				INFOPLIST_KEY_UIApplicationSceneManifest_Generation = YES;
				INFOPLIST_KEY_UIApplicationSupportsIndirectInputEvents = YES;
				INFOPLIST_KEY_UISupportedInterfaceOrientations_iPad = "UIInterfaceOrientationPortrait UIInterfaceOrientationPortraitUpsideDown UIInterfaceOrientationLandscapeLeft UIInterfaceOrientationLandscapeRight";
				INFOPLIST_KEY_UISupportedInterfaceOrientations_iPhone = "UIInterfaceOrientationPortrait UIInterfaceOrientationLandscapeLeft UIInterfaceOrientationLandscapeRight";
				LD_RUNPATH_SEARCH_PATHS = (
					"$(inherited)",
					"@executable_path/Frameworks",
				);
				MARKETING_VERSION = 1.0;
				PRODUCT_BUNDLE_IDENTIFIER = Majkel.TeslaApp;
				PRODUCT_NAME = "$(TARGET_NAME)";
				SWIFT_EMIT_LOC_STRINGS = YES;
				SWIFT_VERSION = 5.0;
				TARGETED_DEVICE_FAMILY = "1,2";
			};
			name = Release;
		};
/* End XCBuildConfiguration section */

/* Begin XCConfigurationList section */
		7BECD4B8280B1876005F9A4D /* Build configuration list for PBXProject "TeslaApp" */ = {
			isa = XCConfigurationList;
			buildConfigurations = (
				7BECD4C9280B1879005F9A4D /* Debug */,
				7BECD4CA280B1879005F9A4D /* Release */,
			);
			defaultConfigurationIsVisible = 0;
			defaultConfigurationName = Release;
		};
		7BECD4CB280B1879005F9A4D /* Build configuration list for PBXNativeTarget "TeslaApp" */ = {
			isa = XCConfigurationList;
			buildConfigurations = (
				7BECD4CC280B1879005F9A4D /* Debug */,
				7BECD4CD280B1879005F9A4D /* Release */,
			);
			defaultConfigurationIsVisible = 0;
			defaultConfigurationName = Release;
		};
/* End XCConfigurationList section */
	};
	rootObject = 7BECD4B5280B1876005F9A4D /* Project object */;
}
